// !$*UTF8*$!
{
	archiveVersion = 1;
	classes = {
	};
	objectVersion = 56;
	objects = {

/* Begin PBXBuildFile section */
		11444C462ACF388500E90830 /* AppDelegate.swift in Sources */ = {isa = PBXBuildFile; fileRef = 11444C452ACF388500E90830 /* AppDelegate.swift */; };
		11444C4F2ACF388600E90830 /* Assets.xcassets in Resources */ = {isa = PBXBuildFile; fileRef = 11444C4E2ACF388600E90830 /* Assets.xcassets */; };
		11444C522ACF388600E90830 /* LaunchScreen.storyboard in Resources */ = {isa = PBXBuildFile; fileRef = 11444C502ACF388600E90830 /* LaunchScreen.storyboard */; };
		11444C5B2ACF3EBB00E90830 /* MainViewController.swift in Sources */ = {isa = PBXBuildFile; fileRef = 11444C5A2ACF3EBB00E90830 /* MainViewController.swift */; };
		11444C6D2ACF441C00E90830 /* MainView.swift in Sources */ = {isa = PBXBuildFile; fileRef = 11444C6C2ACF441C00E90830 /* MainView.swift */; };
		11444C712AD0601E00E90830 /* imageModel.swift in Sources */ = {isa = PBXBuildFile; fileRef = 11444C702AD0601E00E90830 /* imageModel.swift */; };
		11444C732AD06C6B00E90830 /* PhotoCell.swift in Sources */ = {isa = PBXBuildFile; fileRef = 11444C722AD06C6B00E90830 /* PhotoCell.swift */; };
		1191F2312AFD78EA007CB246 /* URLEncoder.swift in Sources */ = {isa = PBXBuildFile; fileRef = 1191F2302AFD78EA007CB246 /* URLEncoder.swift */; };
		11958DE72B0FD31F0089D784 /* URLError.swift in Sources */ = {isa = PBXBuildFile; fileRef = 11958DE62B0FD31F0089D784 /* URLError.swift */; };
		11F368112AF0422900670733 /* MainViewModel.swift in Sources */ = {isa = PBXBuildFile; fileRef = 11F368102AF0422900670733 /* MainViewModel.swift */; };
		11F368142AF17DD000670733 /* MainTabBarController.swift in Sources */ = {isa = PBXBuildFile; fileRef = 11F368132AF17DD000670733 /* MainTabBarController.swift */; };
		11F368162AF1893900670733 /* UITabBarController+Extension.swift in Sources */ = {isa = PBXBuildFile; fileRef = 11F368152AF1893900670733 /* UITabBarController+Extension.swift */; };
		11F3681A2AF2F1AD00670733 /* String+Extension.swift in Sources */ = {isa = PBXBuildFile; fileRef = 11F368192AF2F1AD00670733 /* String+Extension.swift */; };
		11F3681C2AFAC02700670733 /* ImageService.swift in Sources */ = {isa = PBXBuildFile; fileRef = 11F3681B2AFAC02700670733 /* ImageService.swift */; };
		11F3681E2AFC141700670733 /* HTTPMethod.swift in Sources */ = {isa = PBXBuildFile; fileRef = 11F3681D2AFC141700670733 /* HTTPMethod.swift */; };
		11F368202AFC183200670733 /* HTTPRequest.swift in Sources */ = {isa = PBXBuildFile; fileRef = 11F3681F2AFC183200670733 /* HTTPRequest.swift */; };
/* End PBXBuildFile section */

/* Begin PBXFileReference section */
		11444C422ACF388500E90830 /* SplashBookAG.app */ = {isa = PBXFileReference; explicitFileType = wrapper.application; includeInIndex = 0; path = SplashBookAG.app; sourceTree = BUILT_PRODUCTS_DIR; };
		11444C452ACF388500E90830 /* AppDelegate.swift */ = {isa = PBXFileReference; lastKnownFileType = sourcecode.swift; path = AppDelegate.swift; sourceTree = "<group>"; };
		11444C4E2ACF388600E90830 /* Assets.xcassets */ = {isa = PBXFileReference; lastKnownFileType = folder.assetcatalog; path = Assets.xcassets; sourceTree = "<group>"; };
		11444C512ACF388600E90830 /* Base */ = {isa = PBXFileReference; lastKnownFileType = file.storyboard; name = Base; path = Base.lproj/LaunchScreen.storyboard; sourceTree = "<group>"; };
		11444C532ACF388600E90830 /* Info.plist */ = {isa = PBXFileReference; lastKnownFileType = text.plist.xml; path = Info.plist; sourceTree = "<group>"; };
		11444C5A2ACF3EBB00E90830 /* MainViewController.swift */ = {isa = PBXFileReference; lastKnownFileType = sourcecode.swift; path = MainViewController.swift; sourceTree = "<group>"; };
		11444C6C2ACF441C00E90830 /* MainView.swift */ = {isa = PBXFileReference; lastKnownFileType = sourcecode.swift; path = MainView.swift; sourceTree = "<group>"; };
		11444C702AD0601E00E90830 /* imageModel.swift */ = {isa = PBXFileReference; lastKnownFileType = sourcecode.swift; path = imageModel.swift; sourceTree = "<group>"; };
		11444C722AD06C6B00E90830 /* PhotoCell.swift */ = {isa = PBXFileReference; lastKnownFileType = sourcecode.swift; path = PhotoCell.swift; sourceTree = "<group>"; };
		1191F2302AFD78EA007CB246 /* URLEncoder.swift */ = {isa = PBXFileReference; lastKnownFileType = sourcecode.swift; path = URLEncoder.swift; sourceTree = "<group>"; };
		11958DE62B0FD31F0089D784 /* URLError.swift */ = {isa = PBXFileReference; lastKnownFileType = sourcecode.swift; path = URLError.swift; sourceTree = "<group>"; };
		11F368102AF0422900670733 /* MainViewModel.swift */ = {isa = PBXFileReference; lastKnownFileType = sourcecode.swift; path = MainViewModel.swift; sourceTree = "<group>"; };
		11F368132AF17DD000670733 /* MainTabBarController.swift */ = {isa = PBXFileReference; lastKnownFileType = sourcecode.swift; path = MainTabBarController.swift; sourceTree = "<group>"; };
		11F368152AF1893900670733 /* UITabBarController+Extension.swift */ = {isa = PBXFileReference; lastKnownFileType = sourcecode.swift; path = "UITabBarController+Extension.swift"; sourceTree = "<group>"; };
		11F368192AF2F1AD00670733 /* String+Extension.swift */ = {isa = PBXFileReference; lastKnownFileType = sourcecode.swift; path = "String+Extension.swift"; sourceTree = "<group>"; };
		11F3681B2AFAC02700670733 /* ImageService.swift */ = {isa = PBXFileReference; lastKnownFileType = sourcecode.swift; path = ImageService.swift; sourceTree = "<group>"; };
		11F3681D2AFC141700670733 /* HTTPMethod.swift */ = {isa = PBXFileReference; lastKnownFileType = sourcecode.swift; path = HTTPMethod.swift; sourceTree = "<group>"; };
		11F3681F2AFC183200670733 /* HTTPRequest.swift */ = {isa = PBXFileReference; lastKnownFileType = sourcecode.swift; path = HTTPRequest.swift; sourceTree = "<group>"; };
/* End PBXFileReference section */

/* Begin PBXFrameworksBuildPhase section */
		11444C3F2ACF388500E90830 /* Frameworks */ = {
			isa = PBXFrameworksBuildPhase;
			buildActionMask = 2147483647;
			files = (
			);
			runOnlyForDeploymentPostprocessing = 0;
		};
/* End PBXFrameworksBuildPhase section */

/* Begin PBXGroup section */
		11444C392ACF388500E90830 = {
			isa = PBXGroup;
			children = (
				11444C442ACF388500E90830 /* SplashBookAG */,
				11444C432ACF388500E90830 /* Products */,
			);
			sourceTree = "<group>";
		};
		11444C432ACF388500E90830 /* Products */ = {
			isa = PBXGroup;
			children = (
				11444C422ACF388500E90830 /* SplashBookAG.app */,
			);
			name = Products;
			sourceTree = "<group>";
		};
		11444C442ACF388500E90830 /* SplashBookAG */ = {
			isa = PBXGroup;
			children = (
				11444C682ACF427000E90830 /* Services */,
				11444C672ACF425E00E90830 /* Models */,
				11444C652ACF423400E90830 /* Views */,
				11444C592ACF3E3600E90830 /* Screens */,
				11444C5D2ACF401E00E90830 /* Helpers */,
				11444C6B2ACF434B00E90830 /* NetworkLayer */,
				11444C5E2ACF404E00E90830 /* Application */,
				11444C602ACF40B000E90830 /* Resources */,
			);
			path = SplashBookAG;
			sourceTree = "<group>";
		};
		11444C592ACF3E3600E90830 /* Screens */ = {
			isa = PBXGroup;
			children = (
				11444C5C2ACF3FFC00E90830 /* Main */,
			);
			path = Screens;
			sourceTree = "<group>";
		};
		11444C5C2ACF3FFC00E90830 /* Main */ = {
			isa = PBXGroup;
			children = (
				11444C6C2ACF441C00E90830 /* MainView.swift */,
				11444C5A2ACF3EBB00E90830 /* MainViewController.swift */,
				11F368102AF0422900670733 /* MainViewModel.swift */,
			);
			path = Main;
			sourceTree = "<group>";
		};
		11444C5D2ACF401E00E90830 /* Helpers */ = {
			isa = PBXGroup;
			children = (
				11444C6A2ACF431700E90830 /* ImageCache */,
				11444C692ACF429000E90830 /* Extensions */,
			);
			path = Helpers;
			sourceTree = "<group>";
		};
		11444C5E2ACF404E00E90830 /* Application */ = {
			isa = PBXGroup;
			children = (
				11444C452ACF388500E90830 /* AppDelegate.swift */,
			);
			path = Application;
			sourceTree = "<group>";
		};
		11444C602ACF40B000E90830 /* Resources */ = {
			isa = PBXGroup;
			children = (
				11444C532ACF388600E90830 /* Info.plist */,
				11444C502ACF388600E90830 /* LaunchScreen.storyboard */,
				11444C4E2ACF388600E90830 /* Assets.xcassets */,
			);
			path = Resources;
			sourceTree = "<group>";
		};
		11444C652ACF423400E90830 /* Views */ = {
			isa = PBXGroup;
			children = (
				11F368122AF17D5800670733 /* TabBars */,
				11444C662ACF424F00E90830 /* Cells */,
			);
			path = Views;
			sourceTree = "<group>";
		};
		11444C662ACF424F00E90830 /* Cells */ = {
			isa = PBXGroup;
			children = (
				11444C722AD06C6B00E90830 /* PhotoCell.swift */,
			);
			path = Cells;
			sourceTree = "<group>";
		};
		11444C672ACF425E00E90830 /* Models */ = {
			isa = PBXGroup;
			children = (
				11444C702AD0601E00E90830 /* imageModel.swift */,
			);
			path = Models;
			sourceTree = "<group>";
		};
		11444C682ACF427000E90830 /* Services */ = {
			isa = PBXGroup;
			children = (
				11F3681B2AFAC02700670733 /* ImageService.swift */,
			);
			path = Services;
			sourceTree = "<group>";
		};
		11444C692ACF429000E90830 /* Extensions */ = {
			isa = PBXGroup;
			children = (
				11F368152AF1893900670733 /* UITabBarController+Extension.swift */,
				11F368192AF2F1AD00670733 /* String+Extension.swift */,
			);
			path = Extensions;
			sourceTree = "<group>";
		};
		11444C6A2ACF431700E90830 /* ImageCache */ = {
			isa = PBXGroup;
			children = (
			);
			path = ImageCache;
			sourceTree = "<group>";
		};
		11444C6B2ACF434B00E90830 /* NetworkLayer */ = {
			isa = PBXGroup;
			children = (
				11F3681D2AFC141700670733 /* HTTPMethod.swift */,
				11F3681F2AFC183200670733 /* HTTPRequest.swift */,
				1191F2302AFD78EA007CB246 /* URLEncoder.swift */,
				11958DE62B0FD31F0089D784 /* URLError.swift */,
			);
			path = NetworkLayer;
			sourceTree = "<group>";
		};
		11F368122AF17D5800670733 /* TabBars */ = {
			isa = PBXGroup;
			children = (
				11F368132AF17DD000670733 /* MainTabBarController.swift */,
			);
			path = TabBars;
			sourceTree = "<group>";
		};
/* End PBXGroup section */

/* Begin PBXNativeTarget section */
		11444C412ACF388500E90830 /* SplashBookAG */ = {
			isa = PBXNativeTarget;
			buildConfigurationList = 11444C562ACF388600E90830 /* Build configuration list for PBXNativeTarget "SplashBookAG" */;
			buildPhases = (
				11444C3E2ACF388500E90830 /* Sources */,
				11444C3F2ACF388500E90830 /* Frameworks */,
				11444C402ACF388500E90830 /* Resources */,
			);
			buildRules = (
			);
			dependencies = (
			);
			name = SplashBookAG;
			productName = SplashBookAG;
			productReference = 11444C422ACF388500E90830 /* SplashBookAG.app */;
			productType = "com.apple.product-type.application";
		};
/* End PBXNativeTarget section */

/* Begin PBXProject section */
		11444C3A2ACF388500E90830 /* Project object */ = {
			isa = PBXProject;
			attributes = {
				BuildIndependentTargetsInParallel = 1;
				LastSwiftUpdateCheck = 1420;
				LastUpgradeCheck = 1420;
				TargetAttributes = {
					11444C412ACF388500E90830 = {
						CreatedOnToolsVersion = 14.2;
					};
				};
			};
			buildConfigurationList = 11444C3D2ACF388500E90830 /* Build configuration list for PBXProject "SplashBookAG" */;
			compatibilityVersion = "Xcode 14.0";
			developmentRegion = en;
			hasScannedForEncodings = 0;
			knownRegions = (
				en,
				Base,
			);
			mainGroup = 11444C392ACF388500E90830;
			productRefGroup = 11444C432ACF388500E90830 /* Products */;
			projectDirPath = "";
			projectRoot = "";
			targets = (
				11444C412ACF388500E90830 /* SplashBookAG */,
			);
		};
/* End PBXProject section */

/* Begin PBXResourcesBuildPhase section */
		11444C402ACF388500E90830 /* Resources */ = {
			isa = PBXResourcesBuildPhase;
			buildActionMask = 2147483647;
			files = (
				11444C522ACF388600E90830 /* LaunchScreen.storyboard in Resources */,
				11444C4F2ACF388600E90830 /* Assets.xcassets in Resources */,
			);
			runOnlyForDeploymentPostprocessing = 0;
		};
/* End PBXResourcesBuildPhase section */

/* Begin PBXSourcesBuildPhase section */
		11444C3E2ACF388500E90830 /* Sources */ = {
			isa = PBXSourcesBuildPhase;
			buildActionMask = 2147483647;
			files = (
				11F3681A2AF2F1AD00670733 /* String+Extension.swift in Sources */,
				11444C5B2ACF3EBB00E90830 /* MainViewController.swift in Sources */,
				11F368202AFC183200670733 /* HTTPRequest.swift in Sources */,
				11444C732AD06C6B00E90830 /* PhotoCell.swift in Sources */,
				11F368142AF17DD000670733 /* MainTabBarController.swift in Sources */,
				11444C6D2ACF441C00E90830 /* MainView.swift in Sources */,
				11444C462ACF388500E90830 /* AppDelegate.swift in Sources */,
				11444C712AD0601E00E90830 /* imageModel.swift in Sources */,
				11958DE72B0FD31F0089D784 /* URLError.swift in Sources */,
				11F3681E2AFC141700670733 /* HTTPMethod.swift in Sources */,
				1191F2312AFD78EA007CB246 /* URLEncoder.swift in Sources */,
				11F3681C2AFAC02700670733 /* ImageService.swift in Sources */,
				11F368112AF0422900670733 /* MainViewModel.swift in Sources */,
				11F368162AF1893900670733 /* UITabBarController+Extension.swift in Sources */,
			);
			runOnlyForDeploymentPostprocessing = 0;
		};
/* End PBXSourcesBuildPhase section */

/* Begin PBXVariantGroup section */
		11444C502ACF388600E90830 /* LaunchScreen.storyboard */ = {
			isa = PBXVariantGroup;
			children = (
				11444C512ACF388600E90830 /* Base */,
			);
			name = LaunchScreen.storyboard;
			sourceTree = "<group>";
		};
/* End PBXVariantGroup section */

/* Begin XCBuildConfiguration section */
		11444C542ACF388600E90830 /* Debug */ = {
			isa = XCBuildConfiguration;
			buildSettings = {
				ALWAYS_SEARCH_USER_PATHS = NO;
				CLANG_ANALYZER_NONNULL = YES;
				CLANG_ANALYZER_NUMBER_OBJECT_CONVERSION = YES_AGGRESSIVE;
				CLANG_CXX_LANGUAGE_STANDARD = "gnu++20";
				CLANG_ENABLE_MODULES = YES;
				CLANG_ENABLE_OBJC_ARC = YES;
				CLANG_ENABLE_OBJC_WEAK = YES;
				CLANG_WARN_BLOCK_CAPTURE_AUTORELEASING = YES;
				CLANG_WARN_BOOL_CONVERSION = YES;
				CLANG_WARN_COMMA = YES;
				CLANG_WARN_CONSTANT_CONVERSION = YES;
				CLANG_WARN_DEPRECATED_OBJC_IMPLEMENTATIONS = YES;
				CLANG_WARN_DIRECT_OBJC_ISA_USAGE = YES_ERROR;
				CLANG_WARN_DOCUMENTATION_COMMENTS = YES;
				CLANG_WARN_EMPTY_BODY = YES;
				CLANG_WARN_ENUM_CONVERSION = YES;
				CLANG_WARN_INFINITE_RECURSION = YES;
				CLANG_WARN_INT_CONVERSION = YES;
				CLANG_WARN_NON_LITERAL_NULL_CONVERSION = YES;
				CLANG_WARN_OBJC_IMPLICIT_RETAIN_SELF = YES;
				CLANG_WARN_OBJC_LITERAL_CONVERSION = YES;
				CLANG_WARN_OBJC_ROOT_CLASS = YES_ERROR;
				CLANG_WARN_QUOTED_INCLUDE_IN_FRAMEWORK_HEADER = YES;
				CLANG_WARN_RANGE_LOOP_ANALYSIS = YES;
				CLANG_WARN_STRICT_PROTOTYPES = YES;
				CLANG_WARN_SUSPICIOUS_MOVE = YES;
				CLANG_WARN_UNGUARDED_AVAILABILITY = YES_AGGRESSIVE;
				CLANG_WARN_UNREACHABLE_CODE = YES;
				CLANG_WARN__DUPLICATE_METHOD_MATCH = YES;
				COPY_PHASE_STRIP = NO;
				DEBUG_INFORMATION_FORMAT = dwarf;
				ENABLE_STRICT_OBJC_MSGSEND = YES;
				ENABLE_TESTABILITY = YES;
				GCC_C_LANGUAGE_STANDARD = gnu11;
				GCC_DYNAMIC_NO_PIC = NO;
				GCC_NO_COMMON_BLOCKS = YES;
				GCC_OPTIMIZATION_LEVEL = 0;
				GCC_PREPROCESSOR_DEFINITIONS = (
					"DEBUG=1",
					"$(inherited)",
				);
				GCC_WARN_64_TO_32_BIT_CONVERSION = YES;
				GCC_WARN_ABOUT_RETURN_TYPE = YES_ERROR;
				GCC_WARN_UNDECLARED_SELECTOR = YES;
				GCC_WARN_UNINITIALIZED_AUTOS = YES_AGGRESSIVE;
				GCC_WARN_UNUSED_FUNCTION = YES;
				GCC_WARN_UNUSED_VARIABLE = YES;
				IPHONEOS_DEPLOYMENT_TARGET = 16.2;
				MTL_ENABLE_DEBUG_INFO = INCLUDE_SOURCE;
				MTL_FAST_MATH = YES;
				ONLY_ACTIVE_ARCH = YES;
				SDKROOT = iphoneos;
				SWIFT_ACTIVE_COMPILATION_CONDITIONS = DEBUG;
				SWIFT_OPTIMIZATION_LEVEL = "-Onone";
			};
			name = Debug;
		};
		11444C552ACF388600E90830 /* Release */ = {
			isa = XCBuildConfiguration;
			buildSettings = {
				ALWAYS_SEARCH_USER_PATHS = NO;
				CLANG_ANALYZER_NONNULL = YES;
				CLANG_ANALYZER_NUMBER_OBJECT_CONVERSION = YES_AGGRESSIVE;
				CLANG_CXX_LANGUAGE_STANDARD = "gnu++20";
				CLANG_ENABLE_MODULES = YES;
				CLANG_ENABLE_OBJC_ARC = YES;
				CLANG_ENABLE_OBJC_WEAK = YES;
				CLANG_WARN_BLOCK_CAPTURE_AUTORELEASING = YES;
				CLANG_WARN_BOOL_CONVERSION = YES;
				CLANG_WARN_COMMA = YES;
				CLANG_WARN_CONSTANT_CONVERSION = YES;
				CLANG_WARN_DEPRECATED_OBJC_IMPLEMENTATIONS = YES;
				CLANG_WARN_DIRECT_OBJC_ISA_USAGE = YES_ERROR;
				CLANG_WARN_DOCUMENTATION_COMMENTS = YES;
				CLANG_WARN_EMPTY_BODY = YES;
				CLANG_WARN_ENUM_CONVERSION = YES;
				CLANG_WARN_INFINITE_RECURSION = YES;
				CLANG_WARN_INT_CONVERSION = YES;
				CLANG_WARN_NON_LITERAL_NULL_CONVERSION = YES;
				CLANG_WARN_OBJC_IMPLICIT_RETAIN_SELF = YES;
				CLANG_WARN_OBJC_LITERAL_CONVERSION = YES;
				CLANG_WARN_OBJC_ROOT_CLASS = YES_ERROR;
				CLANG_WARN_QUOTED_INCLUDE_IN_FRAMEWORK_HEADER = YES;
				CLANG_WARN_RANGE_LOOP_ANALYSIS = YES;
				CLANG_WARN_STRICT_PROTOTYPES = YES;
				CLANG_WARN_SUSPICIOUS_MOVE = YES;
				CLANG_WARN_UNGUARDED_AVAILABILITY = YES_AGGRESSIVE;
				CLANG_WARN_UNREACHABLE_CODE = YES;
				CLANG_WARN__DUPLICATE_METHOD_MATCH = YES;
				COPY_PHASE_STRIP = NO;
				DEBUG_INFORMATION_FORMAT = "dwarf-with-dsym";
				ENABLE_NS_ASSERTIONS = NO;
				ENABLE_STRICT_OBJC_MSGSEND = YES;
				GCC_C_LANGUAGE_STANDARD = gnu11;
				GCC_NO_COMMON_BLOCKS = YES;
				GCC_WARN_64_TO_32_BIT_CONVERSION = YES;
				GCC_WARN_ABOUT_RETURN_TYPE = YES_ERROR;
				GCC_WARN_UNDECLARED_SELECTOR = YES;
				GCC_WARN_UNINITIALIZED_AUTOS = YES_AGGRESSIVE;
				GCC_WARN_UNUSED_FUNCTION = YES;
				GCC_WARN_UNUSED_VARIABLE = YES;
				IPHONEOS_DEPLOYMENT_TARGET = 16.2;
				MTL_ENABLE_DEBUG_INFO = NO;
				MTL_FAST_MATH = YES;
				SDKROOT = iphoneos;
				SWIFT_COMPILATION_MODE = wholemodule;
				SWIFT_OPTIMIZATION_LEVEL = "-O";
				VALIDATE_PRODUCT = YES;
			};
			name = Release;
		};
		11444C572ACF388600E90830 /* Debug */ = {
			isa = XCBuildConfiguration;
			buildSettings = {
				ASSETCATALOG_COMPILER_APPICON_NAME = AppIcon;
				ASSETCATALOG_COMPILER_GLOBAL_ACCENT_COLOR_NAME = AccentColor;
				CODE_SIGN_STYLE = Automatic;
				CURRENT_PROJECT_VERSION = 1;
				DEVELOPMENT_TEAM = H6V9DX349Y;
				GENERATE_INFOPLIST_FILE = YES;
				INFOPLIST_FILE = SplashBookAG/Resources/Info.plist;
				INFOPLIST_KEY_CFBundleDisplayName = SplashBook;
				INFOPLIST_KEY_UIApplicationSupportsIndirectInputEvents = YES;
				INFOPLIST_KEY_UILaunchStoryboardName = LaunchScreen;
				INFOPLIST_KEY_UISupportedInterfaceOrientations = UIInterfaceOrientationPortrait;
				IPHONEOS_DEPLOYMENT_TARGET = 15.2;
				LD_RUNPATH_SEARCH_PATHS = (
					"$(inherited)",
					"@executable_path/Frameworks",
				);
				MARKETING_VERSION = 1.0;
				PRODUCT_BUNDLE_IDENTIFIER = "com.gmail-goralexwizard.SplashBookAG";
				PRODUCT_NAME = "$(TARGET_NAME)";
				SWIFT_EMIT_LOC_STRINGS = YES;
				SWIFT_VERSION = 5.0;
				TARGETED_DEVICE_FAMILY = "1,2";
			};
			name = Debug;
		};
		11444C582ACF388600E90830 /* Release */ = {
			isa = XCBuildConfiguration;
			buildSettings = {
				ASSETCATALOG_COMPILER_APPICON_NAME = AppIcon;
				ASSETCATALOG_COMPILER_GLOBAL_ACCENT_COLOR_NAME = AccentColor;
				CODE_SIGN_STYLE = Automatic;
				CURRENT_PROJECT_VERSION = 1;
				DEVELOPMENT_TEAM = H6V9DX349Y;
				GENERATE_INFOPLIST_FILE = YES;
				INFOPLIST_FILE = SplashBookAG/Resources/Info.plist;
				INFOPLIST_KEY_CFBundleDisplayName = SplashBook;
				INFOPLIST_KEY_UIApplicationSupportsIndirectInputEvents = YES;
				INFOPLIST_KEY_UILaunchStoryboardName = LaunchScreen;
				INFOPLIST_KEY_UISupportedInterfaceOrientations = UIInterfaceOrientationPortrait;
				IPHONEOS_DEPLOYMENT_TARGET = 15.2;
				LD_RUNPATH_SEARCH_PATHS = (
					"$(inherited)",
					"@executable_path/Frameworks",
				);
				MARKETING_VERSION = 1.0;
				PRODUCT_BUNDLE_IDENTIFIER = "com.gmail-goralexwizard.SplashBookAG";
				PRODUCT_NAME = "$(TARGET_NAME)";
				SWIFT_EMIT_LOC_STRINGS = YES;
				SWIFT_VERSION = 5.0;
				TARGETED_DEVICE_FAMILY = "1,2";
			};
			name = Release;
		};
/* End XCBuildConfiguration section */

/* Begin XCConfigurationList section */
		11444C3D2ACF388500E90830 /* Build configuration list for PBXProject "SplashBookAG" */ = {
			isa = XCConfigurationList;
			buildConfigurations = (
				11444C542ACF388600E90830 /* Debug */,
				11444C552ACF388600E90830 /* Release */,
			);
			defaultConfigurationIsVisible = 0;
			defaultConfigurationName = Release;
		};
		11444C562ACF388600E90830 /* Build configuration list for PBXNativeTarget "SplashBookAG" */ = {
			isa = XCConfigurationList;
			buildConfigurations = (
				11444C572ACF388600E90830 /* Debug */,
				11444C582ACF388600E90830 /* Release */,
			);
			defaultConfigurationIsVisible = 0;
			defaultConfigurationName = Release;
		};
/* End XCConfigurationList section */
	};
	rootObject = 11444C3A2ACF388500E90830 /* Project object */;
}
